// !$*UTF8*$!
{
	archiveVersion = 1;
	classes = {
	};
	objectVersion = 51;
	objects = {

/* Begin PBXBuildFile section */
		206392FA494EE8752586440E /* Pods_users.framework in Frameworks */ = {isa = PBXBuildFile; fileRef = 407024391AD045F9FF54B972 /* Pods_users.framework */; };
		36657D42EB53C828C7AF8873 /* Pods_usersTests.framework in Frameworks */ = {isa = PBXBuildFile; fileRef = F3A94CC479FEC78B822569F7 /* Pods_usersTests.framework */; };
		9AA1F049BEE8D6C9A8A2629F /* Pods_users_usersUITests.framework in Frameworks */ = {isa = PBXBuildFile; fileRef = 27C66CD475E4FDD4D3855E14 /* Pods_users_usersUITests.framework */; };
		A83AC7FE242777CA0016F808 /* UserFormViewController.swift in Sources */ = {isa = PBXBuildFile; fileRef = A83AC7FD242777CA0016F808 /* UserFormViewController.swift */; };
		A887F0722424CB9F00016479 /* AppDelegate.swift in Sources */ = {isa = PBXBuildFile; fileRef = A887F0712424CB9F00016479 /* AppDelegate.swift */; };
		A887F0742424CB9F00016479 /* SceneDelegate.swift in Sources */ = {isa = PBXBuildFile; fileRef = A887F0732424CB9F00016479 /* SceneDelegate.swift */; };
		A887F07B2424CBA200016479 /* Assets.xcassets in Resources */ = {isa = PBXBuildFile; fileRef = A887F07A2424CBA200016479 /* Assets.xcassets */; };
		A887F07E2424CBA200016479 /* LaunchScreen.storyboard in Resources */ = {isa = PBXBuildFile; fileRef = A887F07C2424CBA200016479 /* LaunchScreen.storyboard */; };
		A887F0892424CBA200016479 /* usersTests.swift in Sources */ = {isa = PBXBuildFile; fileRef = A887F0882424CBA200016479 /* usersTests.swift */; };
		A887F0942424CBA200016479 /* usersUITests.swift in Sources */ = {isa = PBXBuildFile; fileRef = A887F0932424CBA200016479 /* usersUITests.swift */; };
		A887F0A22424CC2E00016479 /* TabBarController.swift in Sources */ = {isa = PBXBuildFile; fileRef = A887F0A12424CC2E00016479 /* TabBarController.swift */; };
		A887F0A52424CDCE00016479 /* TableViewController.swift in Sources */ = {isa = PBXBuildFile; fileRef = A887F0A42424CDCE00016479 /* TableViewController.swift */; };
		A8AC05F82424DD53007E710A /* structUsers.swift in Sources */ = {isa = PBXBuildFile; fileRef = A8AC05F72424DD53007E710A /* structUsers.swift */; };
		A8AC05FC2424DDC0007E710A /* TableViewCell.swift in Sources */ = {isa = PBXBuildFile; fileRef = A8AC05FB2424DDC0007E710A /* TableViewCell.swift */; };
		A8AC06002424DE3E007E710A /* userRequest.swift in Sources */ = {isa = PBXBuildFile; fileRef = A8AC05FF2424DE3E007E710A /* userRequest.swift */; };
		A8B8609424253BA800A57CCA /* FormUsersViewController.swift in Sources */ = {isa = PBXBuildFile; fileRef = A8B8609324253BA800A57CCA /* FormUsersViewController.swift */; };
/* End PBXBuildFile section */

/* Begin PBXContainerItemProxy section */
		A887F0852424CBA200016479 /* PBXContainerItemProxy */ = {
			isa = PBXContainerItemProxy;
			containerPortal = A887F0662424CB9F00016479 /* Project object */;
			proxyType = 1;
			remoteGlobalIDString = A887F06D2424CB9F00016479;
			remoteInfo = users;
		};
		A887F0902424CBA200016479 /* PBXContainerItemProxy */ = {
			isa = PBXContainerItemProxy;
			containerPortal = A887F0662424CB9F00016479 /* Project object */;
			proxyType = 1;
			remoteGlobalIDString = A887F06D2424CB9F00016479;
			remoteInfo = users;
		};
/* End PBXContainerItemProxy section */

/* Begin PBXFileReference section */
		27C66CD475E4FDD4D3855E14 /* Pods_users_usersUITests.framework */ = {isa = PBXFileReference; explicitFileType = wrapper.framework; includeInIndex = 0; path = Pods_users_usersUITests.framework; sourceTree = BUILT_PRODUCTS_DIR; };
		31B8A6B5FBD7A5381D05D4E8 /* Pods-usersTests.debug.xcconfig */ = {isa = PBXFileReference; includeInIndex = 1; lastKnownFileType = text.xcconfig; name = "Pods-usersTests.debug.xcconfig"; path = "Target Support Files/Pods-usersTests/Pods-usersTests.debug.xcconfig"; sourceTree = "<group>"; };
		3C764B290A40C50A27073E15 /* Pods-users.debug.xcconfig */ = {isa = PBXFileReference; includeInIndex = 1; lastKnownFileType = text.xcconfig; name = "Pods-users.debug.xcconfig"; path = "Target Support Files/Pods-users/Pods-users.debug.xcconfig"; sourceTree = "<group>"; };
		3E9606BD4E237543115511E9 /* Pods-usersTests.release.xcconfig */ = {isa = PBXFileReference; includeInIndex = 1; lastKnownFileType = text.xcconfig; name = "Pods-usersTests.release.xcconfig"; path = "Target Support Files/Pods-usersTests/Pods-usersTests.release.xcconfig"; sourceTree = "<group>"; };
		407024391AD045F9FF54B972 /* Pods_users.framework */ = {isa = PBXFileReference; explicitFileType = wrapper.framework; includeInIndex = 0; path = Pods_users.framework; sourceTree = BUILT_PRODUCTS_DIR; };
		5E96AF9C34BFA3972DD3B7CC /* Pods-users-usersUITests.release.xcconfig */ = {isa = PBXFileReference; includeInIndex = 1; lastKnownFileType = text.xcconfig; name = "Pods-users-usersUITests.release.xcconfig"; path = "Target Support Files/Pods-users-usersUITests/Pods-users-usersUITests.release.xcconfig"; sourceTree = "<group>"; };
		72CE4FB59D2012D98FA60151 /* Pods-users.release.xcconfig */ = {isa = PBXFileReference; includeInIndex = 1; lastKnownFileType = text.xcconfig; name = "Pods-users.release.xcconfig"; path = "Target Support Files/Pods-users/Pods-users.release.xcconfig"; sourceTree = "<group>"; };
		A83AC7FD242777CA0016F808 /* UserFormViewController.swift */ = {isa = PBXFileReference; lastKnownFileType = sourcecode.swift; path = UserFormViewController.swift; sourceTree = "<group>"; };
		A887F06E2424CB9F00016479 /* users.app */ = {isa = PBXFileReference; explicitFileType = wrapper.application; includeInIndex = 0; path = users.app; sourceTree = BUILT_PRODUCTS_DIR; };
		A887F0712424CB9F00016479 /* AppDelegate.swift */ = {isa = PBXFileReference; lastKnownFileType = sourcecode.swift; path = AppDelegate.swift; sourceTree = "<group>"; };
		A887F0732424CB9F00016479 /* SceneDelegate.swift */ = {isa = PBXFileReference; lastKnownFileType = sourcecode.swift; path = SceneDelegate.swift; sourceTree = "<group>"; };
		A887F07A2424CBA200016479 /* Assets.xcassets */ = {isa = PBXFileReference; lastKnownFileType = folder.assetcatalog; path = Assets.xcassets; sourceTree = "<group>"; };
		A887F07D2424CBA200016479 /* Base */ = {isa = PBXFileReference; lastKnownFileType = file.storyboard; name = Base; path = Base.lproj/LaunchScreen.storyboard; sourceTree = "<group>"; };
		A887F07F2424CBA200016479 /* Info.plist */ = {isa = PBXFileReference; lastKnownFileType = text.plist.xml; path = Info.plist; sourceTree = "<group>"; };
		A887F0842424CBA200016479 /* usersTests.xctest */ = {isa = PBXFileReference; explicitFileType = wrapper.cfbundle; includeInIndex = 0; path = usersTests.xctest; sourceTree = BUILT_PRODUCTS_DIR; };
		A887F0882424CBA200016479 /* usersTests.swift */ = {isa = PBXFileReference; lastKnownFileType = sourcecode.swift; path = usersTests.swift; sourceTree = "<group>"; };
		A887F08A2424CBA200016479 /* Info.plist */ = {isa = PBXFileReference; lastKnownFileType = text.plist.xml; path = Info.plist; sourceTree = "<group>"; };
		A887F08F2424CBA200016479 /* usersUITests.xctest */ = {isa = PBXFileReference; explicitFileType = wrapper.cfbundle; includeInIndex = 0; path = usersUITests.xctest; sourceTree = BUILT_PRODUCTS_DIR; };
		A887F0932424CBA200016479 /* usersUITests.swift */ = {isa = PBXFileReference; lastKnownFileType = sourcecode.swift; path = usersUITests.swift; sourceTree = "<group>"; };
		A887F0952424CBA200016479 /* Info.plist */ = {isa = PBXFileReference; lastKnownFileType = text.plist.xml; path = Info.plist; sourceTree = "<group>"; };
		A887F0A12424CC2E00016479 /* TabBarController.swift */ = {isa = PBXFileReference; lastKnownFileType = sourcecode.swift; path = TabBarController.swift; sourceTree = "<group>"; };
		A887F0A42424CDCE00016479 /* TableViewController.swift */ = {isa = PBXFileReference; lastKnownFileType = sourcecode.swift; path = TableViewController.swift; sourceTree = "<group>"; };
		A8AC05F72424DD53007E710A /* structUsers.swift */ = {isa = PBXFileReference; lastKnownFileType = sourcecode.swift; path = structUsers.swift; sourceTree = "<group>"; };
		A8AC05FB2424DDC0007E710A /* TableViewCell.swift */ = {isa = PBXFileReference; lastKnownFileType = sourcecode.swift; path = TableViewCell.swift; sourceTree = "<group>"; };
		A8AC05FF2424DE3E007E710A /* userRequest.swift */ = {isa = PBXFileReference; lastKnownFileType = sourcecode.swift; path = userRequest.swift; sourceTree = "<group>"; };
		A8B8609324253BA800A57CCA /* FormUsersViewController.swift */ = {isa = PBXFileReference; lastKnownFileType = sourcecode.swift; path = FormUsersViewController.swift; sourceTree = "<group>"; };
		ACE604F55B5986CDF92C5F13 /* Pods-users-usersUITests.debug.xcconfig */ = {isa = PBXFileReference; includeInIndex = 1; lastKnownFileType = text.xcconfig; name = "Pods-users-usersUITests.debug.xcconfig"; path = "Target Support Files/Pods-users-usersUITests/Pods-users-usersUITests.debug.xcconfig"; sourceTree = "<group>"; };
		F3A94CC479FEC78B822569F7 /* Pods_usersTests.framework */ = {isa = PBXFileReference; explicitFileType = wrapper.framework; includeInIndex = 0; path = Pods_usersTests.framework; sourceTree = BUILT_PRODUCTS_DIR; };
/* End PBXFileReference section */

/* Begin PBXFrameworksBuildPhase section */
		A887F06B2424CB9F00016479 /* Frameworks */ = {
			isa = PBXFrameworksBuildPhase;
			buildActionMask = 2147483647;
			files = (
				206392FA494EE8752586440E /* Pods_users.framework in Frameworks */,
			);
			runOnlyForDeploymentPostprocessing = 0;
		};
		A887F0812424CBA200016479 /* Frameworks */ = {
			isa = PBXFrameworksBuildPhase;
			buildActionMask = 2147483647;
			files = (
				36657D42EB53C828C7AF8873 /* Pods_usersTests.framework in Frameworks */,
			);
			runOnlyForDeploymentPostprocessing = 0;
		};
		A887F08C2424CBA200016479 /* Frameworks */ = {
			isa = PBXFrameworksBuildPhase;
			buildActionMask = 2147483647;
			files = (
				9AA1F049BEE8D6C9A8A2629F /* Pods_users_usersUITests.framework in Frameworks */,
			);
			runOnlyForDeploymentPostprocessing = 0;
		};
/* End PBXFrameworksBuildPhase section */

/* Begin PBXGroup section */
		5497E35FC87CB5DE6B923E13 /* Frameworks */ = {
			isa = PBXGroup;
			children = (
				407024391AD045F9FF54B972 /* Pods_users.framework */,
				27C66CD475E4FDD4D3855E14 /* Pods_users_usersUITests.framework */,
				F3A94CC479FEC78B822569F7 /* Pods_usersTests.framework */,
			);
			name = Frameworks;
			sourceTree = "<group>";
		};
		A887F0652424CB9F00016479 = {
			isa = PBXGroup;
			children = (
				A887F0702424CB9F00016479 /* users */,
				A887F0872424CBA200016479 /* usersTests */,
				A887F0922424CBA200016479 /* usersUITests */,
				A887F06F2424CB9F00016479 /* Products */,
				F6D1B37EADFCB2E534E65F25 /* Pods */,
				5497E35FC87CB5DE6B923E13 /* Frameworks */,
			);
			sourceTree = "<group>";
		};
		A887F06F2424CB9F00016479 /* Products */ = {
			isa = PBXGroup;
			children = (
				A887F06E2424CB9F00016479 /* users.app */,
				A887F0842424CBA200016479 /* usersTests.xctest */,
				A887F08F2424CBA200016479 /* usersUITests.xctest */,
			);
			name = Products;
			sourceTree = "<group>";
		};
		A887F0702424CB9F00016479 /* users */ = {
			isa = PBXGroup;
			children = (
				A8AC05FF2424DE3E007E710A /* userRequest.swift */,
				A887F0712424CB9F00016479 /* AppDelegate.swift */,
				A887F0732424CB9F00016479 /* SceneDelegate.swift */,
				A887F0A12424CC2E00016479 /* TabBarController.swift */,
				A887F0A32424CDA200016479 /* Controller */,
				A887F07A2424CBA200016479 /* Assets.xcassets */,
				A8AC05F92424DD73007E710A /* View */,
				A887F0A82424CE3B00016479 /* Model */,
				A887F07C2424CBA200016479 /* LaunchScreen.storyboard */,
				A887F07F2424CBA200016479 /* Info.plist */,
			);
			path = users;
			sourceTree = "<group>";
		};
		A887F0872424CBA200016479 /* usersTests */ = {
			isa = PBXGroup;
			children = (
				A887F0882424CBA200016479 /* usersTests.swift */,
				A887F08A2424CBA200016479 /* Info.plist */,
			);
			path = usersTests;
			sourceTree = "<group>";
		};
		A887F0922424CBA200016479 /* usersUITests */ = {
			isa = PBXGroup;
			children = (
				A887F0932424CBA200016479 /* usersUITests.swift */,
				A887F0952424CBA200016479 /* Info.plist */,
			);
			path = usersUITests;
			sourceTree = "<group>";
		};
		A887F0A32424CDA200016479 /* Controller */ = {
			isa = PBXGroup;
			children = (
				A887F0A42424CDCE00016479 /* TableViewController.swift */,
				A83AC7FD242777CA0016F808 /* UserFormViewController.swift */,
				A8B8609324253BA800A57CCA /* FormUsersViewController.swift */,
			);
			path = Controller;
			sourceTree = "<group>";
		};
		A887F0A82424CE3B00016479 /* Model */ = {
			isa = PBXGroup;
			children = (
				A8AC05F72424DD53007E710A /* structUsers.swift */,
			);
			path = Model;
			sourceTree = "<group>";
		};
		A8AC05F92424DD73007E710A /* View */ = {
			isa = PBXGroup;
			children = (
				A8AC05FB2424DDC0007E710A /* TableViewCell.swift */,
			);
			path = View;
			sourceTree = "<group>";
		};
		F6D1B37EADFCB2E534E65F25 /* Pods */ = {
			isa = PBXGroup;
			children = (
				3C764B290A40C50A27073E15 /* Pods-users.debug.xcconfig */,
				72CE4FB59D2012D98FA60151 /* Pods-users.release.xcconfig */,
				ACE604F55B5986CDF92C5F13 /* Pods-users-usersUITests.debug.xcconfig */,
				5E96AF9C34BFA3972DD3B7CC /* Pods-users-usersUITests.release.xcconfig */,
				31B8A6B5FBD7A5381D05D4E8 /* Pods-usersTests.debug.xcconfig */,
				3E9606BD4E237543115511E9 /* Pods-usersTests.release.xcconfig */,
			);
			path = Pods;
			sourceTree = "<group>";
		};
/* End PBXGroup section */

/* Begin PBXNativeTarget section */
		A887F06D2424CB9F00016479 /* users */ = {
			isa = PBXNativeTarget;
			buildConfigurationList = A887F0982424CBA200016479 /* Build configuration list for PBXNativeTarget "users" */;
			buildPhases = (
				31CD04CCC007F5E9E6F5F10E /* [CP] Check Pods Manifest.lock */,
				A887F06A2424CB9F00016479 /* Sources */,
				A887F06B2424CB9F00016479 /* Frameworks */,
				A887F06C2424CB9F00016479 /* Resources */,
				3E837C6DF96CEB094E5B36D7 /* [CP] Embed Pods Frameworks */,
			);
			buildRules = (
			);
			dependencies = (
			);
			name = users;
			productName = users;
			productReference = A887F06E2424CB9F00016479 /* users.app */;
			productType = "com.apple.product-type.application";
		};
		A887F0832424CBA200016479 /* usersTests */ = {
			isa = PBXNativeTarget;
			buildConfigurationList = A887F09B2424CBA200016479 /* Build configuration list for PBXNativeTarget "usersTests" */;
			buildPhases = (
				3E383FD1FAF7A8CDE277292E /* [CP] Check Pods Manifest.lock */,
				A887F0802424CBA200016479 /* Sources */,
				A887F0812424CBA200016479 /* Frameworks */,
				A887F0822424CBA200016479 /* Resources */,
			);
			buildRules = (
			);
			dependencies = (
				A887F0862424CBA200016479 /* PBXTargetDependency */,
			);
			name = usersTests;
			productName = usersTests;
			productReference = A887F0842424CBA200016479 /* usersTests.xctest */;
			productType = "com.apple.product-type.bundle.unit-test";
		};
		A887F08E2424CBA200016479 /* usersUITests */ = {
			isa = PBXNativeTarget;
			buildConfigurationList = A887F09E2424CBA200016479 /* Build configuration list for PBXNativeTarget "usersUITests" */;
			buildPhases = (
				270C5DF0AD71BE47178090A3 /* [CP] Check Pods Manifest.lock */,
				A887F08B2424CBA200016479 /* Sources */,
				A887F08C2424CBA200016479 /* Frameworks */,
				A887F08D2424CBA200016479 /* Resources */,
				27A676D9500F91F283B7F407 /* [CP] Embed Pods Frameworks */,
			);
			buildRules = (
			);
			dependencies = (
				A887F0912424CBA200016479 /* PBXTargetDependency */,
			);
			name = usersUITests;
			productName = usersUITests;
			productReference = A887F08F2424CBA200016479 /* usersUITests.xctest */;
			productType = "com.apple.product-type.bundle.ui-testing";
		};
/* End PBXNativeTarget section */

/* Begin PBXProject section */
		A887F0662424CB9F00016479 /* Project object */ = {
			isa = PBXProject;
			attributes = {
				LastSwiftUpdateCheck = 1130;
				LastUpgradeCheck = 1130;
				ORGANIZATIONNAME = "Dhruvik Chevli";
				TargetAttributes = {
					A887F06D2424CB9F00016479 = {
						CreatedOnToolsVersion = 11.3.1;
					};
					A887F0832424CBA200016479 = {
						CreatedOnToolsVersion = 11.3.1;
						TestTargetID = A887F06D2424CB9F00016479;
					};
					A887F08E2424CBA200016479 = {
						CreatedOnToolsVersion = 11.3.1;
						TestTargetID = A887F06D2424CB9F00016479;
					};
				};
			};
			buildConfigurationList = A887F0692424CB9F00016479 /* Build configuration list for PBXProject "users" */;
			compatibilityVersion = "Xcode 9.3";
			developmentRegion = en;
			hasScannedForEncodings = 0;
			knownRegions = (
				en,
				Base,
			);
			mainGroup = A887F0652424CB9F00016479;
			productRefGroup = A887F06F2424CB9F00016479 /* Products */;
			projectDirPath = "";
			projectRoot = "";
			targets = (
				A887F06D2424CB9F00016479 /* users */,
				A887F0832424CBA200016479 /* usersTests */,
				A887F08E2424CBA200016479 /* usersUITests */,
			);
		};
/* End PBXProject section */

/* Begin PBXResourcesBuildPhase section */
		A887F06C2424CB9F00016479 /* Resources */ = {
			isa = PBXResourcesBuildPhase;
			buildActionMask = 2147483647;
			files = (
				A887F07E2424CBA200016479 /* LaunchScreen.storyboard in Resources */,
				A887F07B2424CBA200016479 /* Assets.xcassets in Resources */,
			);
			runOnlyForDeploymentPostprocessing = 0;
		};
		A887F0822424CBA200016479 /* Resources */ = {
			isa = PBXResourcesBuildPhase;
			buildActionMask = 2147483647;
			files = (
			);
			runOnlyForDeploymentPostprocessing = 0;
		};
		A887F08D2424CBA200016479 /* Resources */ = {
			isa = PBXResourcesBuildPhase;
			buildActionMask = 2147483647;
			files = (
			);
			runOnlyForDeploymentPostprocessing = 0;
		};
/* End PBXResourcesBuildPhase section */

/* Begin PBXShellScriptBuildPhase section */
		270C5DF0AD71BE47178090A3 /* [CP] Check Pods Manifest.lock */ = {
			isa = PBXShellScriptBuildPhase;
			buildActionMask = 2147483647;
			files = (
			);
			inputFileListPaths = (
			);
			inputPaths = (
				"${PODS_PODFILE_DIR_PATH}/Podfile.lock",
				"${PODS_ROOT}/Manifest.lock",
			);
			name = "[CP] Check Pods Manifest.lock";
			outputFileListPaths = (
			);
			outputPaths = (
				"$(DERIVED_FILE_DIR)/Pods-users-usersUITests-checkManifestLockResult.txt",
			);
			runOnlyForDeploymentPostprocessing = 0;
			shellPath = /bin/sh;
			shellScript = "diff \"${PODS_PODFILE_DIR_PATH}/Podfile.lock\" \"${PODS_ROOT}/Manifest.lock\" > /dev/null\nif [ $? != 0 ] ; then\n    # print error to STDERR\n    echo \"error: The sandbox is not in sync with the Podfile.lock. Run 'pod install' or update your CocoaPods installation.\" >&2\n    exit 1\nfi\n# This output is used by Xcode 'outputs' to avoid re-running this script phase.\necho \"SUCCESS\" > \"${SCRIPT_OUTPUT_FILE_0}\"\n";
			showEnvVarsInLog = 0;
		};
		27A676D9500F91F283B7F407 /* [CP] Embed Pods Frameworks */ = {
			isa = PBXShellScriptBuildPhase;
			buildActionMask = 2147483647;
			files = (
			);
			inputFileListPaths = (
				"${PODS_ROOT}/Target Support Files/Pods-users-usersUITests/Pods-users-usersUITests-frameworks-${CONFIGURATION}-input-files.xcfilelist",
			);
			name = "[CP] Embed Pods Frameworks";
			outputFileListPaths = (
				"${PODS_ROOT}/Target Support Files/Pods-users-usersUITests/Pods-users-usersUITests-frameworks-${CONFIGURATION}-output-files.xcfilelist",
			);
			runOnlyForDeploymentPostprocessing = 0;
			shellPath = /bin/sh;
			shellScript = "\"${PODS_ROOT}/Target Support Files/Pods-users-usersUITests/Pods-users-usersUITests-frameworks.sh\"\n";
			showEnvVarsInLog = 0;
		};
		31CD04CCC007F5E9E6F5F10E /* [CP] Check Pods Manifest.lock */ = {
			isa = PBXShellScriptBuildPhase;
			buildActionMask = 2147483647;
			files = (
			);
			inputFileListPaths = (
			);
			inputPaths = (
				"${PODS_PODFILE_DIR_PATH}/Podfile.lock",
				"${PODS_ROOT}/Manifest.lock",
			);
			name = "[CP] Check Pods Manifest.lock";
			outputFileListPaths = (
			);
			outputPaths = (
				"$(DERIVED_FILE_DIR)/Pods-users-checkManifestLockResult.txt",
			);
			runOnlyForDeploymentPostprocessing = 0;
			shellPath = /bin/sh;
			shellScript = "diff \"${PODS_PODFILE_DIR_PATH}/Podfile.lock\" \"${PODS_ROOT}/Manifest.lock\" > /dev/null\nif [ $? != 0 ] ; then\n    # print error to STDERR\n    echo \"error: The sandbox is not in sync with the Podfile.lock. Run 'pod install' or update your CocoaPods installation.\" >&2\n    exit 1\nfi\n# This output is used by Xcode 'outputs' to avoid re-running this script phase.\necho \"SUCCESS\" > \"${SCRIPT_OUTPUT_FILE_0}\"\n";
			showEnvVarsInLog = 0;
		};
		3E383FD1FAF7A8CDE277292E /* [CP] Check Pods Manifest.lock */ = {
			isa = PBXShellScriptBuildPhase;
			buildActionMask = 2147483647;
			files = (
			);
			inputFileListPaths = (
			);
			inputPaths = (
				"${PODS_PODFILE_DIR_PATH}/Podfile.lock",
				"${PODS_ROOT}/Manifest.lock",
			);
			name = "[CP] Check Pods Manifest.lock";
			outputFileListPaths = (
			);
			outputPaths = (
				"$(DERIVED_FILE_DIR)/Pods-usersTests-checkManifestLockResult.txt",
			);
			runOnlyForDeploymentPostprocessing = 0;
			shellPath = /bin/sh;
			shellScript = "diff \"${PODS_PODFILE_DIR_PATH}/Podfile.lock\" \"${PODS_ROOT}/Manifest.lock\" > /dev/null\nif [ $? != 0 ] ; then\n    # print error to STDERR\n    echo \"error: The sandbox is not in sync with the Podfile.lock. Run 'pod install' or update your CocoaPods installation.\" >&2\n    exit 1\nfi\n# This output is used by Xcode 'outputs' to avoid re-running this script phase.\necho \"SUCCESS\" > \"${SCRIPT_OUTPUT_FILE_0}\"\n";
			showEnvVarsInLog = 0;
		};
		3E837C6DF96CEB094E5B36D7 /* [CP] Embed Pods Frameworks */ = {
			isa = PBXShellScriptBuildPhase;
			buildActionMask = 2147483647;
			files = (
			);
			inputFileListPaths = (
				"${PODS_ROOT}/Target Support Files/Pods-users/Pods-users-frameworks-${CONFIGURATION}-input-files.xcfilelist",
			);
			name = "[CP] Embed Pods Frameworks";
			outputFileListPaths = (
				"${PODS_ROOT}/Target Support Files/Pods-users/Pods-users-frameworks-${CONFIGURATION}-output-files.xcfilelist",
			);
			runOnlyForDeploymentPostprocessing = 0;
			shellPath = /bin/sh;
			shellScript = "\"${PODS_ROOT}/Target Support Files/Pods-users/Pods-users-frameworks.sh\"\n";
			showEnvVarsInLog = 0;
		};
/* End PBXShellScriptBuildPhase section */

/* Begin PBXSourcesBuildPhase section */
		A887F06A2424CB9F00016479 /* Sources */ = {
			isa = PBXSourcesBuildPhase;
			buildActionMask = 2147483647;
			files = (
				A8AC05FC2424DDC0007E710A /* TableViewCell.swift in Sources */,
				A887F0A22424CC2E00016479 /* TabBarController.swift in Sources */,
				A887F0722424CB9F00016479 /* AppDelegate.swift in Sources */,
				A8AC05F82424DD53007E710A /* structUsers.swift in Sources */,
				A887F0A52424CDCE00016479 /* TableViewController.swift in Sources */,
				A887F0742424CB9F00016479 /* SceneDelegate.swift in Sources */,
				A8B8609424253BA800A57CCA /* FormUsersViewController.swift in Sources */,
				A8AC06002424DE3E007E710A /* userRequest.swift in Sources */,
				A83AC7FE242777CA0016F808 /* UserFormViewController.swift in Sources */,
			);
			runOnlyForDeploymentPostprocessing = 0;
		};
		A887F0802424CBA200016479 /* Sources */ = {
			isa = PBXSourcesBuildPhase;
			buildActionMask = 2147483647;
			files = (
				A887F0892424CBA200016479 /* usersTests.swift in Sources */,
			);
			runOnlyForDeploymentPostprocessing = 0;
		};
		A887F08B2424CBA200016479 /* Sources */ = {
			isa = PBXSourcesBuildPhase;
			buildActionMask = 2147483647;
			files = (
				A887F0942424CBA200016479 /* usersUITests.swift in Sources */,
			);
			runOnlyForDeploymentPostprocessing = 0;
		};
/* End PBXSourcesBuildPhase section */

/* Begin PBXTargetDependency section */
		A887F0862424CBA200016479 /* PBXTargetDependency */ = {
			isa = PBXTargetDependency;
			target = A887F06D2424CB9F00016479 /* users */;
			targetProxy = A887F0852424CBA200016479 /* PBXContainerItemProxy */;
		};
		A887F0912424CBA200016479 /* PBXTargetDependency */ = {
			isa = PBXTargetDependency;
			target = A887F06D2424CB9F00016479 /* users */;
			targetProxy = A887F0902424CBA200016479 /* PBXContainerItemProxy */;
		};
/* End PBXTargetDependency section */

/* Begin PBXVariantGroup section */
		A887F07C2424CBA200016479 /* LaunchScreen.storyboard */ = {
			isa = PBXVariantGroup;
			children = (
				A887F07D2424CBA200016479 /* Base */,
			);
			name = LaunchScreen.storyboard;
			sourceTree = "<group>";
		};
/* End PBXVariantGroup section */

/* Begin XCBuildConfiguration section */
		A887F0962424CBA200016479 /* Debug */ = {
			isa = XCBuildConfiguration;
			buildSettings = {
				ALWAYS_SEARCH_USER_PATHS = NO;
				CLANG_ANALYZER_NONNULL = YES;
				CLANG_ANALYZER_NUMBER_OBJECT_CONVERSION = YES_AGGRESSIVE;
				CLANG_CXX_LANGUAGE_STANDARD = "gnu++14";
				CLANG_CXX_LIBRARY = "libc++";
				CLANG_ENABLE_MODULES = YES;
				CLANG_ENABLE_OBJC_ARC = YES;
				CLANG_ENABLE_OBJC_WEAK = YES;
				CLANG_WARN_BLOCK_CAPTURE_AUTORELEASING = YES;
				CLANG_WARN_BOOL_CONVERSION = YES;
				CLANG_WARN_COMMA = YES;
				CLANG_WARN_CONSTANT_CONVERSION = YES;
				CLANG_WARN_DEPRECATED_OBJC_IMPLEMENTATIONS = YES;
				CLANG_WARN_DIRECT_OBJC_ISA_USAGE = YES_ERROR;
				CLANG_WARN_DOCUMENTATION_COMMENTS = YES;
				CLANG_WARN_EMPTY_BODY = YES;
				CLANG_WARN_ENUM_CONVERSION = YES;
				CLANG_WARN_INFINITE_RECURSION = YES;
				CLANG_WARN_INT_CONVERSION = YES;
				CLANG_WARN_NON_LITERAL_NULL_CONVERSION = YES;
				CLANG_WARN_OBJC_IMPLICIT_RETAIN_SELF = YES;
				CLANG_WARN_OBJC_LITERAL_CONVERSION = YES;
				CLANG_WARN_OBJC_ROOT_CLASS = YES_ERROR;
				CLANG_WARN_RANGE_LOOP_ANALYSIS = YES;
				CLANG_WARN_STRICT_PROTOTYPES = YES;
				CLANG_WARN_SUSPICIOUS_MOVE = YES;
				CLANG_WARN_UNGUARDED_AVAILABILITY = YES_AGGRESSIVE;
				CLANG_WARN_UNREACHABLE_CODE = YES;
				CLANG_WARN__DUPLICATE_METHOD_MATCH = YES;
				COPY_PHASE_STRIP = NO;
				DEBUG_INFORMATION_FORMAT = dwarf;
				ENABLE_STRICT_OBJC_MSGSEND = YES;
				ENABLE_TESTABILITY = YES;
				GCC_C_LANGUAGE_STANDARD = gnu11;
				GCC_DYNAMIC_NO_PIC = NO;
				GCC_NO_COMMON_BLOCKS = YES;
				GCC_OPTIMIZATION_LEVEL = 0;
				GCC_PREPROCESSOR_DEFINITIONS = (
					"DEBUG=1",
					"$(inherited)",
				);
				GCC_WARN_64_TO_32_BIT_CONVERSION = YES;
				GCC_WARN_ABOUT_RETURN_TYPE = YES_ERROR;
				GCC_WARN_UNDECLARED_SELECTOR = YES;
				GCC_WARN_UNINITIALIZED_AUTOS = YES_AGGRESSIVE;
				GCC_WARN_UNUSED_FUNCTION = YES;
				GCC_WARN_UNUSED_VARIABLE = YES;
				IPHONEOS_DEPLOYMENT_TARGET = 13.2;
				MTL_ENABLE_DEBUG_INFO = INCLUDE_SOURCE;
				MTL_FAST_MATH = YES;
				ONLY_ACTIVE_ARCH = YES;
				SDKROOT = iphoneos;
				SWIFT_ACTIVE_COMPILATION_CONDITIONS = DEBUG;
				SWIFT_OPTIMIZATION_LEVEL = "-Onone";
			};
			name = Debug;
		};
		A887F0972424CBA200016479 /* Release */ = {
			isa = XCBuildConfiguration;
			buildSettings = {
				ALWAYS_SEARCH_USER_PATHS = NO;
				CLANG_ANALYZER_NONNULL = YES;
				CLANG_ANALYZER_NUMBER_OBJECT_CONVERSION = YES_AGGRESSIVE;
				CLANG_CXX_LANGUAGE_STANDARD = "gnu++14";
				CLANG_CXX_LIBRARY = "libc++";
				CLANG_ENABLE_MODULES = YES;
				CLANG_ENABLE_OBJC_ARC = YES;
				CLANG_ENABLE_OBJC_WEAK = YES;
				CLANG_WARN_BLOCK_CAPTURE_AUTORELEASING = YES;
				CLANG_WARN_BOOL_CONVERSION = YES;
				CLANG_WARN_COMMA = YES;
				CLANG_WARN_CONSTANT_CONVERSION = YES;
				CLANG_WARN_DEPRECATED_OBJC_IMPLEMENTATIONS = YES;
				CLANG_WARN_DIRECT_OBJC_ISA_USAGE = YES_ERROR;
				CLANG_WARN_DOCUMENTATION_COMMENTS = YES;
				CLANG_WARN_EMPTY_BODY = YES;
				CLANG_WARN_ENUM_CONVERSION = YES;
				CLANG_WARN_INFINITE_RECURSION = YES;
				CLANG_WARN_INT_CONVERSION = YES;
				CLANG_WARN_NON_LITERAL_NULL_CONVERSION = YES;
				CLANG_WARN_OBJC_IMPLICIT_RETAIN_SELF = YES;
				CLANG_WARN_OBJC_LITERAL_CONVERSION = YES;
				CLANG_WARN_OBJC_ROOT_CLASS = YES_ERROR;
				CLANG_WARN_RANGE_LOOP_ANALYSIS = YES;
				CLANG_WARN_STRICT_PROTOTYPES = YES;
				CLANG_WARN_SUSPICIOUS_MOVE = YES;
				CLANG_WARN_UNGUARDED_AVAILABILITY = YES_AGGRESSIVE;
				CLANG_WARN_UNREACHABLE_CODE = YES;
				CLANG_WARN__DUPLICATE_METHOD_MATCH = YES;
				COPY_PHASE_STRIP = NO;
				DEBUG_INFORMATION_FORMAT = "dwarf-with-dsym";
				ENABLE_NS_ASSERTIONS = NO;
				ENABLE_STRICT_OBJC_MSGSEND = YES;
				GCC_C_LANGUAGE_STANDARD = gnu11;
				GCC_NO_COMMON_BLOCKS = YES;
				GCC_WARN_64_TO_32_BIT_CONVERSION = YES;
				GCC_WARN_ABOUT_RETURN_TYPE = YES_ERROR;
				GCC_WARN_UNDECLARED_SELECTOR = YES;
				GCC_WARN_UNINITIALIZED_AUTOS = YES_AGGRESSIVE;
				GCC_WARN_UNUSED_FUNCTION = YES;
				GCC_WARN_UNUSED_VARIABLE = YES;
				IPHONEOS_DEPLOYMENT_TARGET = 13.2;
				MTL_ENABLE_DEBUG_INFO = NO;
				MTL_FAST_MATH = YES;
				SDKROOT = iphoneos;
				SWIFT_COMPILATION_MODE = wholemodule;
				SWIFT_OPTIMIZATION_LEVEL = "-O";
				VALIDATE_PRODUCT = YES;
			};
			name = Release;
		};
		A887F0992424CBA200016479 /* Debug */ = {
			isa = XCBuildConfiguration;
			baseConfigurationReference = 3C764B290A40C50A27073E15 /* Pods-users.debug.xcconfig */;
			buildSettings = {
				ASSETCATALOG_COMPILER_APPICON_NAME = AppIcon;
				CODE_SIGN_STYLE = Automatic;
				INFOPLIST_FILE = users/Info.plist;
				LD_RUNPATH_SEARCH_PATHS = (
					"$(inherited)",
					"@executable_path/Frameworks",
				);
				PRODUCT_BUNDLE_IDENTIFIER = "dhruvik-chevli.users";
				PRODUCT_NAME = "$(TARGET_NAME)";
				SWIFT_VERSION = 5.0;
				TARGETED_DEVICE_FAMILY = "1,2";
			};
			name = Debug;
		};
		A887F09A2424CBA200016479 /* Release */ = {
			isa = XCBuildConfiguration;
			baseConfigurationReference = 72CE4FB59D2012D98FA60151 /* Pods-users.release.xcconfig */;
			buildSettings = {
				ASSETCATALOG_COMPILER_APPICON_NAME = AppIcon;
				CODE_SIGN_STYLE = Automatic;
				INFOPLIST_FILE = users/Info.plist;
				LD_RUNPATH_SEARCH_PATHS = (
					"$(inherited)",
					"@executable_path/Frameworks",
				);
				PRODUCT_BUNDLE_IDENTIFIER = "dhruvik-chevli.users";
				PRODUCT_NAME = "$(TARGET_NAME)";
				SWIFT_VERSION = 5.0;
				TARGETED_DEVICE_FAMILY = "1,2";
			};
			name = Release;
		};
		A887F09C2424CBA200016479 /* Debug */ = {
			isa = XCBuildConfiguration;
			baseConfigurationReference = 31B8A6B5FBD7A5381D05D4E8 /* Pods-usersTests.debug.xcconfig */;
			buildSettings = {
				ALWAYS_EMBED_SWIFT_STANDARD_LIBRARIES = YES;
				BUNDLE_LOADER = "$(TEST_HOST)";
				CODE_SIGN_STYLE = Automatic;
				INFOPLIST_FILE = usersTests/Info.plist;
				IPHONEOS_DEPLOYMENT_TARGET = 13.2;
				LD_RUNPATH_SEARCH_PATHS = (
					"$(inherited)",
					"@executable_path/Frameworks",
					"@loader_path/Frameworks",
				);
				PRODUCT_BUNDLE_IDENTIFIER = "dhruvik-chevli.usersTests";
				PRODUCT_NAME = "$(TARGET_NAME)";
				SWIFT_VERSION = 5.0;
				TARGETED_DEVICE_FAMILY = "1,2";
				TEST_HOST = "$(BUILT_PRODUCTS_DIR)/users.app/users";
			};
			name = Debug;
		};
		A887F09D2424CBA200016479 /* Release */ = {
			isa = XCBuildConfiguration;
			baseConfigurationReference = 3E9606BD4E237543115511E9 /* Pods-usersTests.release.xcconfig */;
			buildSettings = {
				ALWAYS_EMBED_SWIFT_STANDARD_LIBRARIES = YES;
				BUNDLE_LOADER = "$(TEST_HOST)";
				CODE_SIGN_STYLE = Automatic;
				INFOPLIST_FILE = usersTests/Info.plist;
				IPHONEOS_DEPLOYMENT_TARGET = 13.2;
				LD_RUNPATH_SEARCH_PATHS = (
					"$(inherited)",
					"@executable_path/Frameworks",
					"@loader_path/Frameworks",
				);
				PRODUCT_BUNDLE_IDENTIFIER = "dhruvik-chevli.usersTests";
				PRODUCT_NAME = "$(TARGET_NAME)";
				SWIFT_VERSION = 5.0;
				TARGETED_DEVICE_FAMILY = "1,2";
				TEST_HOST = "$(BUILT_PRODUCTS_DIR)/users.app/users";
			};
			name = Release;
		};
		A887F09F2424CBA200016479 /* Debug */ = {
			isa = XCBuildConfiguration;
			baseConfigurationReference = ACE604F55B5986CDF92C5F13 /* Pods-users-usersUITests.debug.xcconfig */;
			buildSettings = {
				ALWAYS_EMBED_SWIFT_STANDARD_LIBRARIES = YES;
				CODE_SIGN_STYLE = Automatic;
				INFOPLIST_FILE = usersUITests/Info.plist;
				LD_RUNPATH_SEARCH_PATHS = (
					"$(inherited)",
					"@executable_path/Frameworks",
					"@loader_path/Frameworks",
				);
				PRODUCT_BUNDLE_IDENTIFIER = "dhruvik-chevli.usersUITests";
				PRODUCT_NAME = "$(TARGET_NAME)";
				SWIFT_VERSION = 5.0;
				TARGETED_DEVICE_FAMILY = "1,2";
				TEST_TARGET_NAME = users;
			};
			name = Debug;
		};
		A887F0A02424CBA200016479 /* Release */ = {
			isa = XCBuildConfiguration;
			baseConfigurationReference = 5E96AF9C34BFA3972DD3B7CC /* Pods-users-usersUITests.release.xcconfig */;
			buildSettings = {
				ALWAYS_EMBED_SWIFT_STANDARD_LIBRARIES = YES;
				CODE_SIGN_STYLE = Automatic;
				INFOPLIST_FILE = usersUITests/Info.plist;
				LD_RUNPATH_SEARCH_PATHS = (
					"$(inherited)",
					"@executable_path/Frameworks",
					"@loader_path/Frameworks",
				);
				PRODUCT_BUNDLE_IDENTIFIER = "dhruvik-chevli.usersUITests";
				PRODUCT_NAME = "$(TARGET_NAME)";
				SWIFT_VERSION = 5.0;
				TARGETED_DEVICE_FAMILY = "1,2";
				TEST_TARGET_NAME = users;
			};
			name = Release;
		};
/* End XCBuildConfiguration section */

/* Begin XCConfigurationList section */
		A887F0692424CB9F00016479 /* Build configuration list for PBXProject "users" */ = {
			isa = XCConfigurationList;
			buildConfigurations = (
				A887F0962424CBA200016479 /* Debug */,
				A887F0972424CBA200016479 /* Release */,
			);
			defaultConfigurationIsVisible = 0;
			defaultConfigurationName = Release;
		};
		A887F0982424CBA200016479 /* Build configuration list for PBXNativeTarget "users" */ = {
			isa = XCConfigurationList;
			buildConfigurations = (
				A887F0992424CBA200016479 /* Debug */,
				A887F09A2424CBA200016479 /* Release */,
			);
			defaultConfigurationIsVisible = 0;
			defaultConfigurationName = Release;
		};
		A887F09B2424CBA200016479 /* Build configuration list for PBXNativeTarget "usersTests" */ = {
			isa = XCConfigurationList;
			buildConfigurations = (
				A887F09C2424CBA200016479 /* Debug */,
				A887F09D2424CBA200016479 /* Release */,
			);
			defaultConfigurationIsVisible = 0;
			defaultConfigurationName = Release;
		};
		A887F09E2424CBA200016479 /* Build configuration list for PBXNativeTarget "usersUITests" */ = {
			isa = XCConfigurationList;
			buildConfigurations = (
				A887F09F2424CBA200016479 /* Debug */,
				A887F0A02424CBA200016479 /* Release */,
			);
			defaultConfigurationIsVisible = 0;
			defaultConfigurationName = Release;
		};
/* End XCConfigurationList section */
	};
	rootObject = A887F0662424CB9F00016479 /* Project object */;
}
